// !$*UTF8*$!
{
	archiveVersion = 1;
	classes = {
	};
	objectVersion = 46;
	objects = {

/* Begin PBXBuildFile section */
		C4D2C3961C7023EC00C5F463 /* AppDelegate.swift in Sources */ = {isa = PBXBuildFile; fileRef = C4D2C3951C7023EC00C5F463 /* AppDelegate.swift */; };
		C4D2C3981C7023EC00C5F463 /* ViewController.swift in Sources */ = {isa = PBXBuildFile; fileRef = C4D2C3971C7023EC00C5F463 /* ViewController.swift */; };
		C4D2C39B1C7023EC00C5F463 /* Main.storyboard in Resources */ = {isa = PBXBuildFile; fileRef = C4D2C3991C7023EC00C5F463 /* Main.storyboard */; };
		C4D2C39D1C7023EC00C5F463 /* Assets.xcassets in Resources */ = {isa = PBXBuildFile; fileRef = C4D2C39C1C7023EC00C5F463 /* Assets.xcassets */; };
		C4D2C3A01C7023EC00C5F463 /* LaunchScreen.storyboard in Resources */ = {isa = PBXBuildFile; fileRef = C4D2C39E1C7023EC00C5F463 /* LaunchScreen.storyboard */; };
		C4D2C3AB1C7023EC00C5F463 /* ExampleTests.swift in Sources */ = {isa = PBXBuildFile; fileRef = C4D2C3AA1C7023EC00C5F463 /* ExampleTests.swift */; };
		C4D2C3B61C7023EC00C5F463 /* ExampleUITests.swift in Sources */ = {isa = PBXBuildFile; fileRef = C4D2C3B51C7023EC00C5F463 /* ExampleUITests.swift */; };
		C4D2C3F41C70254200C5F463 /* MySwiftPod.framework in Frameworks */ = {isa = PBXBuildFile; fileRef = C4D2C3EF1C7024F700C5F463 /* MySwiftPod.framework */; };
		C4D2C3F61C70257600C5F463 /* MySwiftPod.framework in Copy Frameworks */ = {isa = PBXBuildFile; fileRef = C4D2C3EF1C7024F700C5F463 /* MySwiftPod.framework */; settings = {ATTRIBUTES = (CodeSignOnCopy, RemoveHeadersOnCopy, ); }; };
/* End PBXBuildFile section */

/* Begin PBXContainerItemProxy section */
		C4D2C3A71C7023EC00C5F463 /* PBXContainerItemProxy */ = {
			isa = PBXContainerItemProxy;
			containerPortal = C4D2C38A1C7023EC00C5F463 /* Project object */;
			proxyType = 1;
			remoteGlobalIDString = C4D2C3911C7023EC00C5F463;
			remoteInfo = Example;
		};
		C4D2C3B21C7023EC00C5F463 /* PBXContainerItemProxy */ = {
			isa = PBXContainerItemProxy;
			containerPortal = C4D2C38A1C7023EC00C5F463 /* Project object */;
			proxyType = 1;
			remoteGlobalIDString = C4D2C3911C7023EC00C5F463;
			remoteInfo = Example;
		};
		C4D2C3EE1C7024F700C5F463 /* PBXContainerItemProxy */ = {
			isa = PBXContainerItemProxy;
			containerPortal = C4D2C3E91C7024F700C5F463 /* MySwiftPod.xcodeproj */;
			proxyType = 2;
			remoteGlobalIDString = C4D2C3CD1C70241A00C5F463;
			remoteInfo = MySwiftPod;
		};
		C4D2C3F01C7024F700C5F463 /* PBXContainerItemProxy */ = {
			isa = PBXContainerItemProxy;
			containerPortal = C4D2C3E91C7024F700C5F463 /* MySwiftPod.xcodeproj */;
			proxyType = 2;
			remoteGlobalIDString = C4D2C3D71C70241A00C5F463;
			remoteInfo = MySwiftPodTests;
		};
		C4D2C3F21C70252400C5F463 /* PBXContainerItemProxy */ = {
			isa = PBXContainerItemProxy;
			containerPortal = C4D2C3E91C7024F700C5F463 /* MySwiftPod.xcodeproj */;
			proxyType = 1;
			remoteGlobalIDString = C4D2C3CC1C70241A00C5F463;
			remoteInfo = MySwiftPod;
		};
/* End PBXContainerItemProxy section */

/* Begin PBXCopyFilesBuildPhase section */
		C4D2C3F51C70255800C5F463 /* Copy Frameworks */ = {
			isa = PBXCopyFilesBuildPhase;
			buildActionMask = 2147483647;
			dstPath = "";
			dstSubfolderSpec = 10;
			files = (
				C4D2C3F61C70257600C5F463 /* MySwiftPod.framework in Copy Frameworks */,
			);
			name = "Copy Frameworks";
			runOnlyForDeploymentPostprocessing = 0;
		};
/* End PBXCopyFilesBuildPhase section */

/* Begin PBXFileReference section */
		C4D2C3921C7023EC00C5F463 /* Example.app */ = {isa = PBXFileReference; explicitFileType = wrapper.application; includeInIndex = 0; path = Example.app; sourceTree = BUILT_PRODUCTS_DIR; };
		C4D2C3951C7023EC00C5F463 /* AppDelegate.swift */ = {isa = PBXFileReference; lastKnownFileType = sourcecode.swift; path = AppDelegate.swift; sourceTree = "<group>"; };
		C4D2C3971C7023EC00C5F463 /* ViewController.swift */ = {isa = PBXFileReference; lastKnownFileType = sourcecode.swift; path = ViewController.swift; sourceTree = "<group>"; };
		C4D2C39A1C7023EC00C5F463 /* Base */ = {isa = PBXFileReference; lastKnownFileType = file.storyboard; name = Base; path = Base.lproj/Main.storyboard; sourceTree = "<group>"; };
		C4D2C39C1C7023EC00C5F463 /* Assets.xcassets */ = {isa = PBXFileReference; lastKnownFileType = folder.assetcatalog; path = Assets.xcassets; sourceTree = "<group>"; };
		C4D2C39F1C7023EC00C5F463 /* Base */ = {isa = PBXFileReference; lastKnownFileType = file.storyboard; name = Base; path = Base.lproj/LaunchScreen.storyboard; sourceTree = "<group>"; };
		C4D2C3A11C7023EC00C5F463 /* Info.plist */ = {isa = PBXFileReference; lastKnownFileType = text.plist.xml; path = Info.plist; sourceTree = "<group>"; };
		C4D2C3A61C7023EC00C5F463 /* ExampleTests.xctest */ = {isa = PBXFileReference; explicitFileType = wrapper.cfbundle; includeInIndex = 0; path = ExampleTests.xctest; sourceTree = BUILT_PRODUCTS_DIR; };
		C4D2C3AA1C7023EC00C5F463 /* ExampleTests.swift */ = {isa = PBXFileReference; lastKnownFileType = sourcecode.swift; path = ExampleTests.swift; sourceTree = "<group>"; };
		C4D2C3AC1C7023EC00C5F463 /* Info.plist */ = {isa = PBXFileReference; lastKnownFileType = text.plist.xml; path = Info.plist; sourceTree = "<group>"; };
		C4D2C3B11C7023EC00C5F463 /* ExampleUITests.xctest */ = {isa = PBXFileReference; explicitFileType = wrapper.cfbundle; includeInIndex = 0; path = ExampleUITests.xctest; sourceTree = BUILT_PRODUCTS_DIR; };
		C4D2C3B51C7023EC00C5F463 /* ExampleUITests.swift */ = {isa = PBXFileReference; lastKnownFileType = sourcecode.swift; path = ExampleUITests.swift; sourceTree = "<group>"; };
		C4D2C3B71C7023EC00C5F463 /* Info.plist */ = {isa = PBXFileReference; lastKnownFileType = text.plist.xml; path = Info.plist; sourceTree = "<group>"; };
		C4D2C3E91C7024F700C5F463 /* MySwiftPod.xcodeproj */ = {isa = PBXFileReference; lastKnownFileType = "wrapper.pb-project"; name = MySwiftPod.xcodeproj; path = ../MySwiftPod/MySwiftPod.xcodeproj; sourceTree = "<group>"; };
/* End PBXFileReference section */

/* Begin PBXFrameworksBuildPhase section */
		C4D2C38F1C7023EC00C5F463 /* Frameworks */ = {
			isa = PBXFrameworksBuildPhase;
			buildActionMask = 2147483647;
			files = (
				C4D2C3F41C70254200C5F463 /* MySwiftPod.framework in Frameworks */,
			);
			runOnlyForDeploymentPostprocessing = 0;
		};
		C4D2C3A31C7023EC00C5F463 /* Frameworks */ = {
			isa = PBXFrameworksBuildPhase;
			buildActionMask = 2147483647;
			files = (
			);
			runOnlyForDeploymentPostprocessing = 0;
		};
		C4D2C3AE1C7023EC00C5F463 /* Frameworks */ = {
			isa = PBXFrameworksBuildPhase;
			buildActionMask = 2147483647;
			files = (
			);
			runOnlyForDeploymentPostprocessing = 0;
		};
/* End PBXFrameworksBuildPhase section */

/* Begin PBXGroup section */
		C4D2C3891C7023EC00C5F463 = {
			isa = PBXGroup;
			children = (
				C4D2C3E91C7024F700C5F463 /* MySwiftPod.xcodeproj */,
				C4D2C3941C7023EC00C5F463 /* Example */,
				C4D2C3A91C7023EC00C5F463 /* ExampleTests */,
				C4D2C3B41C7023EC00C5F463 /* ExampleUITests */,
				C4D2C3931C7023EC00C5F463 /* Products */,
			);
			sourceTree = "<group>";
		};
		C4D2C3931C7023EC00C5F463 /* Products */ = {
			isa = PBXGroup;
			children = (
				C4D2C3921C7023EC00C5F463 /* Example.app */,
				C4D2C3A61C7023EC00C5F463 /* ExampleTests.xctest */,
				C4D2C3B11C7023EC00C5F463 /* ExampleUITests.xctest */,
			);
			name = Products;
			sourceTree = "<group>";
		};
		C4D2C3941C7023EC00C5F463 /* Example */ = {
			isa = PBXGroup;
			children = (
				C4D2C3951C7023EC00C5F463 /* AppDelegate.swift */,
				C4D2C3971C7023EC00C5F463 /* ViewController.swift */,
				C4D2C3991C7023EC00C5F463 /* Main.storyboard */,
				C4D2C39C1C7023EC00C5F463 /* Assets.xcassets */,
				C4D2C39E1C7023EC00C5F463 /* LaunchScreen.storyboard */,
				C4D2C3A11C7023EC00C5F463 /* Info.plist */,
			);
			path = Example;
			sourceTree = "<group>";
		};
		C4D2C3A91C7023EC00C5F463 /* ExampleTests */ = {
			isa = PBXGroup;
			children = (
				C4D2C3AA1C7023EC00C5F463 /* ExampleTests.swift */,
				C4D2C3AC1C7023EC00C5F463 /* Info.plist */,
			);
			path = ExampleTests;
			sourceTree = "<group>";
		};
		C4D2C3B41C7023EC00C5F463 /* ExampleUITests */ = {
			isa = PBXGroup;
			children = (
				C4D2C3B51C7023EC00C5F463 /* ExampleUITests.swift */,
				C4D2C3B71C7023EC00C5F463 /* Info.plist */,
			);
			path = ExampleUITests;
			sourceTree = "<group>";
		};
		C4D2C3EA1C7024F700C5F463 /* Products */ = {
			isa = PBXGroup;
			children = (
				C4D2C3EF1C7024F700C5F463 /* MySwiftPod.framework */,
				C4D2C3F11C7024F700C5F463 /* MySwiftPodTests.xctest */,
			);
			name = Products;
			sourceTree = "<group>";
		};
/* End PBXGroup section */

/* Begin PBXNativeTarget section */
		C4D2C3911C7023EC00C5F463 /* Example */ = {
			isa = PBXNativeTarget;
			buildConfigurationList = C4D2C3BA1C7023EC00C5F463 /* Build configuration list for PBXNativeTarget "Example" */;
			buildPhases = (
				C4D2C38E1C7023EC00C5F463 /* Sources */,
				C4D2C38F1C7023EC00C5F463 /* Frameworks */,
				C4D2C3901C7023EC00C5F463 /* Resources */,
				C4D2C3F51C70255800C5F463 /* Copy Frameworks */,
			);
			buildRules = (
			);
			dependencies = (
				C4D2C3F31C70252400C5F463 /* PBXTargetDependency */,
			);
			name = Example;
			productName = Example;
			productReference = C4D2C3921C7023EC00C5F463 /* Example.app */;
			productType = "com.apple.product-type.application";
		};
		C4D2C3A51C7023EC00C5F463 /* ExampleTests */ = {
			isa = PBXNativeTarget;
			buildConfigurationList = C4D2C3BD1C7023EC00C5F463 /* Build configuration list for PBXNativeTarget "ExampleTests" */;
			buildPhases = (
				C4D2C3A21C7023EC00C5F463 /* Sources */,
				C4D2C3A31C7023EC00C5F463 /* Frameworks */,
				C4D2C3A41C7023EC00C5F463 /* Resources */,
			);
			buildRules = (
			);
			dependencies = (
				C4D2C3A81C7023EC00C5F463 /* PBXTargetDependency */,
			);
			name = ExampleTests;
			productName = ExampleTests;
			productReference = C4D2C3A61C7023EC00C5F463 /* ExampleTests.xctest */;
			productType = "com.apple.product-type.bundle.unit-test";
		};
		C4D2C3B01C7023EC00C5F463 /* ExampleUITests */ = {
			isa = PBXNativeTarget;
			buildConfigurationList = C4D2C3C01C7023EC00C5F463 /* Build configuration list for PBXNativeTarget "ExampleUITests" */;
			buildPhases = (
				C4D2C3AD1C7023EC00C5F463 /* Sources */,
				C4D2C3AE1C7023EC00C5F463 /* Frameworks */,
				C4D2C3AF1C7023EC00C5F463 /* Resources */,
			);
			buildRules = (
			);
			dependencies = (
				C4D2C3B31C7023EC00C5F463 /* PBXTargetDependency */,
			);
			name = ExampleUITests;
			productName = ExampleUITests;
			productReference = C4D2C3B11C7023EC00C5F463 /* ExampleUITests.xctest */;
			productType = "com.apple.product-type.bundle.ui-testing";
		};
/* End PBXNativeTarget section */

/* Begin PBXProject section */
		C4D2C38A1C7023EC00C5F463 /* Project object */ = {
			isa = PBXProject;
			attributes = {
				LastSwiftUpdateCheck = 0720;
				LastUpgradeCheck = 0720;
				ORGANIZATIONNAME = FuquaProductions;
				TargetAttributes = {
					C4D2C3911C7023EC00C5F463 = {
						CreatedOnToolsVersion = 7.2.1;
						DevelopmentTeam = XR5DU8YNHP;
					};
					C4D2C3A51C7023EC00C5F463 = {
						CreatedOnToolsVersion = 7.2.1;
						DevelopmentTeam = XR5DU8YNHP;
						TestTargetID = C4D2C3911C7023EC00C5F463;
					};
					C4D2C3B01C7023EC00C5F463 = {
						CreatedOnToolsVersion = 7.2.1;
						DevelopmentTeam = XR5DU8YNHP;
						TestTargetID = C4D2C3911C7023EC00C5F463;
					};
				};
			};
			buildConfigurationList = C4D2C38D1C7023EC00C5F463 /* Build configuration list for PBXProject "Example" */;
			compatibilityVersion = "Xcode 3.2";
			developmentRegion = English;
			hasScannedForEncodings = 0;
			knownRegions = (
				en,
				Base,
			);
			mainGroup = C4D2C3891C7023EC00C5F463;
			productRefGroup = C4D2C3931C7023EC00C5F463 /* Products */;
			projectDirPath = "";
			projectReferences = (
				{
					ProductGroup = C4D2C3EA1C7024F700C5F463 /* Products */;
					ProjectRef = C4D2C3E91C7024F700C5F463 /* MySwiftPod.xcodeproj */;
				},
			);
			projectRoot = "";
			targets = (
				C4D2C3911C7023EC00C5F463 /* Example */,
				C4D2C3A51C7023EC00C5F463 /* ExampleTests */,
				C4D2C3B01C7023EC00C5F463 /* ExampleUITests */,
			);
		};
/* End PBXProject section */

/* Begin PBXReferenceProxy section */
		C4D2C3EF1C7024F700C5F463 /* MySwiftPod.framework */ = {
			isa = PBXReferenceProxy;
			fileType = wrapper.framework;
			path = MySwiftPod.framework;
			remoteRef = C4D2C3EE1C7024F700C5F463 /* PBXContainerItemProxy */;
			sourceTree = BUILT_PRODUCTS_DIR;
		};
		C4D2C3F11C7024F700C5F463 /* MySwiftPodTests.xctest */ = {
			isa = PBXReferenceProxy;
			fileType = wrapper.cfbundle;
			path = MySwiftPodTests.xctest;
			remoteRef = C4D2C3F01C7024F700C5F463 /* PBXContainerItemProxy */;
			sourceTree = BUILT_PRODUCTS_DIR;
		};
/* End PBXReferenceProxy section */

/* Begin PBXResourcesBuildPhase section */
		C4D2C3901C7023EC00C5F463 /* Resources */ = {
			isa = PBXResourcesBuildPhase;
			buildActionMask = 2147483647;
			files = (
				C4D2C3A01C7023EC00C5F463 /* LaunchScreen.storyboard in Resources */,
				C4D2C39D1C7023EC00C5F463 /* Assets.xcassets in Resources */,
				C4D2C39B1C7023EC00C5F463 /* Main.storyboard in Resources */,
			);
			runOnlyForDeploymentPostprocessing = 0;
		};
		C4D2C3A41C7023EC00C5F463 /* Resources */ = {
			isa = PBXResourcesBuildPhase;
			buildActionMask = 2147483647;
			files = (
			);
			runOnlyForDeploymentPostprocessing = 0;
		};
		C4D2C3AF1C7023EC00C5F463 /* Resources */ = {
			isa = PBXResourcesBuildPhase;
			buildActionMask = 2147483647;
			files = (
			);
			runOnlyForDeploymentPostprocessing = 0;
		};
/* End PBXResourcesBuildPhase section */

/* Begin PBXSourcesBuildPhase section */
		C4D2C38E1C7023EC00C5F463 /* Sources */ = {
			isa = PBXSourcesBuildPhase;
			buildActionMask = 2147483647;
			files = (
				C4D2C3981C7023EC00C5F463 /* ViewController.swift in Sources */,
				C4D2C3961C7023EC00C5F463 /* AppDelegate.swift in Sources */,
			);
			runOnlyForDeploymentPostprocessing = 0;
		};
		C4D2C3A21C7023EC00C5F463 /* Sources */ = {
			isa = PBXSourcesBuildPhase;
			buildActionMask = 2147483647;
			files = (
				C4D2C3AB1C7023EC00C5F463 /* ExampleTests.swift in Sources */,
			);
			runOnlyForDeploymentPostprocessing = 0;
		};
		C4D2C3AD1C7023EC00C5F463 /* Sources */ = {
			isa = PBXSourcesBuildPhase;
			buildActionMask = 2147483647;
			files = (
				C4D2C3B61C7023EC00C5F463 /* ExampleUITests.swift in Sources */,
			);
			runOnlyForDeploymentPostprocessing = 0;
		};
/* End PBXSourcesBuildPhase section */

/* Begin PBXTargetDependency section */
		C4D2C3A81C7023EC00C5F463 /* PBXTargetDependency */ = {
			isa = PBXTargetDependency;
			target = C4D2C3911C7023EC00C5F463 /* Example */;
			targetProxy = C4D2C3A71C7023EC00C5F463 /* PBXContainerItemProxy */;
		};
		C4D2C3B31C7023EC00C5F463 /* PBXTargetDependency */ = {
			isa = PBXTargetDependency;
			target = C4D2C3911C7023EC00C5F463 /* Example */;
			targetProxy = C4D2C3B21C7023EC00C5F463 /* PBXContainerItemProxy */;
		};
		C4D2C3F31C70252400C5F463 /* PBXTargetDependency */ = {
			isa = PBXTargetDependency;
			name = MySwiftPod;
			targetProxy = C4D2C3F21C70252400C5F463 /* PBXContainerItemProxy */;
		};
/* End PBXTargetDependency section */

/* Begin PBXVariantGroup section */
		C4D2C3991C7023EC00C5F463 /* Main.storyboard */ = {
			isa = PBXVariantGroup;
			children = (
				C4D2C39A1C7023EC00C5F463 /* Base */,
			);
			name = Main.storyboard;
			sourceTree = "<group>";
		};
		C4D2C39E1C7023EC00C5F463 /* LaunchScreen.storyboard */ = {
			isa = PBXVariantGroup;
			children = (
				C4D2C39F1C7023EC00C5F463 /* Base */,
			);
			name = LaunchScreen.storyboard;
			sourceTree = "<group>";
		};
/* End PBXVariantGroup section */

/* Begin XCBuildConfiguration section */
		C4D2C3B81C7023EC00C5F463 /* Debug */ = {
			isa = XCBuildConfiguration;
			buildSettings = {
				ALWAYS_SEARCH_USER_PATHS = NO;
				CLANG_CXX_LANGUAGE_STANDARD = "gnu++0x";
				CLANG_CXX_LIBRARY = "libc++";
				CLANG_ENABLE_MODULES = YES;
				CLANG_ENABLE_OBJC_ARC = YES;
				CLANG_WARN_BOOL_CONVERSION = YES;
				CLANG_WARN_CONSTANT_CONVERSION = YES;
				CLANG_WARN_DIRECT_OBJC_ISA_USAGE = YES_ERROR;
				CLANG_WARN_EMPTY_BODY = YES;
				CLANG_WARN_ENUM_CONVERSION = YES;
				CLANG_WARN_INT_CONVERSION = YES;
				CLANG_WARN_OBJC_ROOT_CLASS = YES_ERROR;
				CLANG_WARN_UNREACHABLE_CODE = YES;
				CLANG_WARN__DUPLICATE_METHOD_MATCH = YES;
				"CODE_SIGN_IDENTITY[sdk=iphoneos*]" = "iPhone Developer";
				COPY_PHASE_STRIP = NO;
				DEBUG_INFORMATION_FORMAT = dwarf;
				ENABLE_STRICT_OBJC_MSGSEND = YES;
				ENABLE_TESTABILITY = YES;
				GCC_C_LANGUAGE_STANDARD = gnu99;
				GCC_DYNAMIC_NO_PIC = NO;
				GCC_NO_COMMON_BLOCKS = YES;
				GCC_OPTIMIZATION_LEVEL = 0;
				GCC_PREPROCESSOR_DEFINITIONS = (
					"DEBUG=1",
					"$(inherited)",
				);
				GCC_WARN_64_TO_32_BIT_CONVERSION = YES;
				GCC_WARN_ABOUT_RETURN_TYPE = YES_ERROR;
				GCC_WARN_UNDECLARED_SELECTOR = YES;
				GCC_WARN_UNINITIALIZED_AUTOS = YES_AGGRESSIVE;
				GCC_WARN_UNUSED_FUNCTION = YES;
				GCC_WARN_UNUSED_VARIABLE = YES;
				IPHONEOS_DEPLOYMENT_TARGET = 9.2;
				MTL_ENABLE_DEBUG_INFO = YES;
				ONLY_ACTIVE_ARCH = YES;
				SDKROOT = iphoneos;
				SWIFT_OPTIMIZATION_LEVEL = "-Onone";
				TARGETED_DEVICE_FAMILY = "1,2";
			};
			name = Debug;
		};
		C4D2C3B91C7023EC00C5F463 /* Release */ = {
			isa = XCBuildConfiguration;
			buildSettings = {
				ALWAYS_SEARCH_USER_PATHS = NO;
				CLANG_CXX_LANGUAGE_STANDARD = "gnu++0x";
				CLANG_CXX_LIBRARY = "libc++";
				CLANG_ENABLE_MODULES = YES;
				CLANG_ENABLE_OBJC_ARC = YES;
				CLANG_WARN_BOOL_CONVERSION = YES;
				CLANG_WARN_CONSTANT_CONVERSION = YES;
				CLANG_WARN_DIRECT_OBJC_ISA_USAGE = YES_ERROR;
				CLANG_WARN_EMPTY_BODY = YES;
				CLANG_WARN_ENUM_CONVERSION = YES;
				CLANG_WARN_INT_CONVERSION = YES;
				CLANG_WARN_OBJC_ROOT_CLASS = YES_ERROR;
				CLANG_WARN_UNREACHABLE_CODE = YES;
				CLANG_WARN__DUPLICATE_METHOD_MATCH = YES;
				"CODE_SIGN_IDENTITY[sdk=iphoneos*]" = "iPhone Developer";
				COPY_PHASE_STRIP = NO;
				DEBUG_INFORMATION_FORMAT = "dwarf-with-dsym";
				ENABLE_NS_ASSERTIONS = NO;
				ENABLE_STRICT_OBJC_MSGSEND = YES;
				GCC_C_LANGUAGE_STANDARD = gnu99;
				GCC_NO_COMMON_BLOCKS = YES;
				GCC_WARN_64_TO_32_BIT_CONVERSION = YES;
				GCC_WARN_ABOUT_RETURN_TYPE = YES_ERROR;
				GCC_WARN_UNDECLARED_SELECTOR = YES;
				GCC_WARN_UNINITIALIZED_AUTOS = YES_AGGRESSIVE;
				GCC_WARN_UNUSED_FUNCTION = YES;
				GCC_WARN_UNUSED_VARIABLE = YES;
				IPHONEOS_DEPLOYMENT_TARGET = 9.2;
				MTL_ENABLE_DEBUG_INFO = NO;
				SDKROOT = iphoneos;
				TARGETED_DEVICE_FAMILY = "1,2";
				VALIDATE_PRODUCT = YES;
			};
			name = Release;
		};
		C4D2C3BB1C7023EC00C5F463 /* Debug */ = {
			isa = XCBuildConfiguration;
			buildSettings = {
				ASSETCATALOG_COMPILER_APPICON_NAME = AppIcon;
				INFOPLIST_FILE = Example/Info.plist;
				LD_RUNPATH_SEARCH_PATHS = "$(inherited) @executable_path/Frameworks";
				PRODUCT_BUNDLE_IDENTIFIER = com.FuquaProductions.Example;
				PRODUCT_NAME = "$(TARGET_NAME)";
			};
			name = Debug;
		};
		C4D2C3BC1C7023EC00C5F463 /* Release */ = {
			isa = XCBuildConfiguration;
			buildSettings = {
				ASSETCATALOG_COMPILER_APPICON_NAME = AppIcon;
				INFOPLIST_FILE = Example/Info.plist;
				LD_RUNPATH_SEARCH_PATHS = "$(inherited) @executable_path/Frameworks";
				PRODUCT_BUNDLE_IDENTIFIER = com.FuquaProductions.Example;
				PRODUCT_NAME = "$(TARGET_NAME)";
			};
			name = Release;
		};
		C4D2C3BE1C7023EC00C5F463 /* Debug */ = {
			isa = XCBuildConfiguration;
			buildSettings = {
				BUNDLE_LOADER = "$(TEST_HOST)";
				INFOPLIST_FILE = ExampleTests/Info.plist;
				LD_RUNPATH_SEARCH_PATHS = "$(inherited) @executable_path/Frameworks @loader_path/Frameworks";
				PRODUCT_BUNDLE_IDENTIFIER = com.FuquaProductions.ExampleTests;
				PRODUCT_NAME = "$(TARGET_NAME)";
				TEST_HOST = "$(BUILT_PRODUCTS_DIR)/Example.app/Example";
			};
			name = Debug;
		};
		C4D2C3BF1C7023EC00C5F463 /* Release */ = {
			isa = XCBuildConfiguration;
			buildSettings = {
				BUNDLE_LOADER = "$(TEST_HOST)";
				INFOPLIST_FILE = ExampleTests/Info.plist;
				LD_RUNPATH_SEARCH_PATHS = "$(inherited) @executable_path/Frameworks @loader_path/Frameworks";
				PRODUCT_BUNDLE_IDENTIFIER = com.FuquaProductions.ExampleTests;
				PRODUCT_NAME = "$(TARGET_NAME)";
				TEST_HOST = "$(BUILT_PRODUCTS_DIR)/Example.app/Example";
			};
			name = Release;
		};
		C4D2C3C11C7023EC00C5F463 /* Debug */ = {
			isa = XCBuildConfiguration;
			buildSettings = {
				INFOPLIST_FILE = ExampleUITests/Info.plist;
				LD_RUNPATH_SEARCH_PATHS = "$(inherited) @executable_path/Frameworks @loader_path/Frameworks";
				PRODUCT_BUNDLE_IDENTIFIER = com.FuquaProductions.ExampleUITests;
				PRODUCT_NAME = "$(TARGET_NAME)";
				TEST_TARGET_NAME = Example;
				USES_XCTRUNNER = YES;
			};
			name = Debug;
		};
		C4D2C3C21C7023EC00C5F463 /* Release */ = {
			isa = XCBuildConfiguration;
			buildSettings = {
				INFOPLIST_FILE = ExampleUITests/Info.plist;
				LD_RUNPATH_SEARCH_PATHS = "$(inherited) @executable_path/Frameworks @loader_path/Frameworks";
				PRODUCT_BUNDLE_IDENTIFIER = com.FuquaProductions.ExampleUITests;
				PRODUCT_NAME = "$(TARGET_NAME)";
				TEST_TARGET_NAME = Example;
				USES_XCTRUNNER = YES;
			};
			name = Release;
		};
/* End XCBuildConfiguration section */

/* Begin XCConfigurationList section */
		C4D2C38D1C7023EC00C5F463 /* Build configuration list for PBXProject "Example" */ = {
			isa = XCConfigurationList;
			buildConfigurations = (
				C4D2C3B81C7023EC00C5F463 /* Debug */,
				C4D2C3B91C7023EC00C5F463 /* Release */,
			);
			defaultConfigurationIsVisible = 0;
			defaultConfigurationName = Release;
		};
		C4D2C3BA1C7023EC00C5F463 /* Build configuration list for PBXNativeTarget "Example" */ = {
			isa = XCConfigurationList;
			buildConfigurations = (
				C4D2C3BB1C7023EC00C5F463 /* Debug */,
				C4D2C3BC1C7023EC00C5F463 /* Release */,
			);
			defaultConfigurationIsVisible = 0;
			defaultConfigurationName = Release;
		};
		C4D2C3BD1C7023EC00C5F463 /* Build configuration list for PBXNativeTarget "ExampleTests" */ = {
			isa = XCConfigurationList;
			buildConfigurations = (
				C4D2C3BE1C7023EC00C5F463 /* Debug */,
				C4D2C3BF1C7023EC00C5F463 /* Release */,
			);
			defaultConfigurationIsVisible = 0;
			defaultConfigurationName = Release;
		};
		C4D2C3C01C7023EC00C5F463 /* Build configuration list for PBXNativeTarget "ExampleUITests" */ = {
			isa = XCConfigurationList;
			buildConfigurations = (
				C4D2C3C11C7023EC00C5F463 /* Debug */,
				C4D2C3C21C7023EC00C5F463 /* Release */,
			);
			defaultConfigurationIsVisible = 0;
			defaultConfigurationName = Release;
		};
/* End XCConfigurationList section */
	};
	rootObject = C4D2C38A1C7023EC00C5F463 /* Project object */;
}
